
Microsoft Visual Studio Solution File, Format Version 12.00
# Visual Studio Version 16
VisualStudioVersion = 16.0.30523.141
MinimumVisualStudioVersion = 10.0.40219.1
Project("{FAE04EC0-301F-11D3-BF4B-00C04F79EFBC}") = "RS1-vjezbe", "RS1-vjezbe\RS1-vjezbe.csproj", "{76476F0C-AA6F-43BE-B48A-4A5D6ED9F406}"
EndProject
Global
	GlobalSection(SolutionConfigurationPlatforms) = preSolution
		Debug|Any CPU = Debug|Any CPU
		Release|Any CPU = Release|Any CPU
	EndGlobalSection
	GlobalSection(ProjectConfigurationPlatforms) = postSolution
		{76476F0C-AA6F-43BE-B48A-4A5D6ED9F406}.Debug|Any CPU.ActiveCfg = Debug|Any CPU
		{76476F0C-AA6F-43BE-B48A-4A5D6ED9F406}.Debug|Any CPU.Build.0 = Debug|Any CPU
		{76476F0C-AA6F-43BE-B48A-4A5D6ED9F406}.Release|Any CPU.ActiveCfg = Release|Any CPU
		{76476F0C-AA6F-43BE-B48A-4A5D6ED9F406}.Release|Any CPU.Build.0 = Release|Any CPU
	EndGlobalSection
	GlobalSection(SolutionProperties) = preSolution
		HideSolutionNode = FALSE
	EndGlobalSection
	GlobalSection(ExtensibilityGlobals) = postSolution
		SolutionGuid = {3BE653E8-4095-406C-90D7-DCB915D709FD}
	EndGlobalSection
EndGlobal
